
Microsoft Visual Studio Solution File, Format Version 12.00
# Visual Studio 15
VisualStudioVersion = 15.0.26730.12
MinimumVisualStudioVersion = 10.0.40219.1
Project("{FAE04EC0-301F-11D3-BF4B-00C04F79EFBC}") = "Day4", "Day4\Day4.csproj", "{0DE81334-1540-4E59-AF14-CC7914A40079}"
EndProject
Global
	GlobalSection(SolutionConfigurationPlatforms) = preSolution
		Debug|Any CPU = Debug|Any CPU
		Release|Any CPU = Release|Any CPU
	EndGlobalSection
	GlobalSection(ProjectConfigurationPlatforms) = postSolution
		{0DE81334-1540-4E59-AF14-CC7914A40079}.Debug|Any CPU.ActiveCfg = Debug|Any CPU
		{0DE81334-1540-4E59-AF14-CC7914A40079}.Debug|Any CPU.Build.0 = Debug|Any CPU
		{0DE81334-1540-4E59-AF14-CC7914A40079}.Release|Any CPU.ActiveCfg = Release|Any CPU
		{0DE81334-1540-4E59-AF14-CC7914A40079}.Release|Any CPU.Build.0 = Release|Any CPU
	EndGlobalSection
	GlobalSection(SolutionProperties) = preSolution
		HideSolutionNode = FALSE
	EndGlobalSection
	GlobalSection(ExtensibilityGlobals) = postSolution
		SolutionGuid = {DF349131-5818-48A8-8BB8-A76375085A88}
	EndGlobalSection
EndGlobal
