
Microsoft Visual Studio Solution File, Format Version 12.00
# Visual Studio 15
VisualStudioVersion = 15.0.27130.2003
MinimumVisualStudioVersion = 10.0.40219.1
Project("{FAE04EC0-301F-11D3-BF4B-00C04F79EFBC}") = "Day15", "Day15\Day15.csproj", "{2AAFCD28-EE9A-4D9A-B70A-23EC051D28A6}"
EndProject
Global
	GlobalSection(SolutionConfigurationPlatforms) = preSolution
		Debug|Any CPU = Debug|Any CPU
		Release|Any CPU = Release|Any CPU
	EndGlobalSection
	GlobalSection(ProjectConfigurationPlatforms) = postSolution
		{2AAFCD28-EE9A-4D9A-B70A-23EC051D28A6}.Debug|Any CPU.ActiveCfg = Debug|Any CPU
		{2AAFCD28-EE9A-4D9A-B70A-23EC051D28A6}.Debug|Any CPU.Build.0 = Debug|Any CPU
		{2AAFCD28-EE9A-4D9A-B70A-23EC051D28A6}.Release|Any CPU.ActiveCfg = Release|Any CPU
		{2AAFCD28-EE9A-4D9A-B70A-23EC051D28A6}.Release|Any CPU.Build.0 = Release|Any CPU
	EndGlobalSection
	GlobalSection(SolutionProperties) = preSolution
		HideSolutionNode = FALSE
	EndGlobalSection
	GlobalSection(ExtensibilityGlobals) = postSolution
		SolutionGuid = {E178DBCF-0F19-432D-B525-236E111B65A2}
	EndGlobalSection
EndGlobal
