
Microsoft Visual Studio Solution File, Format Version 12.00
# Visual Studio 15
VisualStudioVersion = 15.0.26730.12
MinimumVisualStudioVersion = 10.0.40219.1
Project("{FAE04EC0-301F-11D3-BF4B-00C04F79EFBC}") = "Day12", "Day12\Day12.csproj", "{D07B5F3C-1404-4D1D-9814-AC888F11B1B9}"
EndProject
Global
	GlobalSection(SolutionConfigurationPlatforms) = preSolution
		Debug|Any CPU = Debug|Any CPU
		Release|Any CPU = Release|Any CPU
	EndGlobalSection
	GlobalSection(ProjectConfigurationPlatforms) = postSolution
		{D07B5F3C-1404-4D1D-9814-AC888F11B1B9}.Debug|Any CPU.ActiveCfg = Debug|Any CPU
		{D07B5F3C-1404-4D1D-9814-AC888F11B1B9}.Debug|Any CPU.Build.0 = Debug|Any CPU
		{D07B5F3C-1404-4D1D-9814-AC888F11B1B9}.Release|Any CPU.ActiveCfg = Release|Any CPU
		{D07B5F3C-1404-4D1D-9814-AC888F11B1B9}.Release|Any CPU.Build.0 = Release|Any CPU
	EndGlobalSection
	GlobalSection(SolutionProperties) = preSolution
		HideSolutionNode = FALSE
	EndGlobalSection
	GlobalSection(ExtensibilityGlobals) = postSolution
		SolutionGuid = {B79D081E-9E30-4CB8-89E8-3F2142CD2EB0}
	EndGlobalSection
EndGlobal
